
Microsoft Visual Studio Solution File, Format Version 12.00
# Visual Studio Version 17
VisualStudioVersion = 17.13.35806.99 d17.13
MinimumVisualStudioVersion = 10.0.40219.1
Project("{FAE04EC0-301F-11D3-BF4B-00C04F79EFBC}") = "Q3_Comapny_Assignment", "Q3_Comapny_Assignment.csproj", "{B14CBB8F-1A0F-4D07-B3F7-227C4CA28645}"
EndProject
Global
	GlobalSection(SolutionConfigurationPlatforms) = preSolution
		Debug|Any CPU = Debug|Any CPU
		Release|Any CPU = Release|Any CPU
	EndGlobalSection
	GlobalSection(ProjectConfigurationPlatforms) = postSolution
		{B14CBB8F-1A0F-4D07-B3F7-227C4CA28645}.Debug|Any CPU.ActiveCfg = Debug|Any CPU
		{B14CBB8F-1A0F-4D07-B3F7-227C4CA28645}.Debug|Any CPU.Build.0 = Debug|Any CPU
		{B14CBB8F-1A0F-4D07-B3F7-227C4CA28645}.Release|Any CPU.ActiveCfg = Release|Any CPU
		{B14CBB8F-1A0F-4D07-B3F7-227C4CA28645}.Release|Any CPU.Build.0 = Release|Any CPU
	EndGlobalSection
	GlobalSection(SolutionProperties) = preSolution
		HideSolutionNode = FALSE
	EndGlobalSection
	GlobalSection(ExtensibilityGlobals) = postSolution
		SolutionGuid = {DD05E2FD-7F8B-409A-A2B2-D246727BCB67}
	EndGlobalSection
EndGlobal
